
Microsoft Visual Studio Solution File, Format Version 12.00
# Visual Studio Version 17
VisualStudioVersion = 17.13.35931.197
MinimumVisualStudioVersion = 10.0.40219.1
Project("{FAE04EC0-301F-11D3-BF4B-00C04F79EFBC}") = "AuthorService", "AuthorService\AuthorService.csproj", "{70E1D2E8-5106-41E9-AFC3-7970F4DD0F95}"
EndProject
Project("{FAE04EC0-301F-11D3-BF4B-00C04F79EFBC}") = "BookService", "BookService\BookService.csproj", "{058CF899-B320-4259-96D5-D5521B8CD541}"
EndProject
Project("{FAE04EC0-301F-11D3-BF4B-00C04F79EFBC}") = "ShoppingCartService", "ShoppingCartService\ShoppingCartService.csproj", "{B85160F1-1FF9-4563-A0FD-696C1795E3F5}"
EndProject
Global
	GlobalSection(SolutionConfigurationPlatforms) = preSolution
		Debug|Any CPU = Debug|Any CPU
		Release|Any CPU = Release|Any CPU
	EndGlobalSection
	GlobalSection(ProjectConfigurationPlatforms) = postSolution
		{70E1D2E8-5106-41E9-AFC3-7970F4DD0F95}.Debug|Any CPU.ActiveCfg = Debug|Any CPU
		{70E1D2E8-5106-41E9-AFC3-7970F4DD0F95}.Debug|Any CPU.Build.0 = Debug|Any CPU
		{70E1D2E8-5106-41E9-AFC3-7970F4DD0F95}.Release|Any CPU.ActiveCfg = Release|Any CPU
		{70E1D2E8-5106-41E9-AFC3-7970F4DD0F95}.Release|Any CPU.Build.0 = Release|Any CPU
		{058CF899-B320-4259-96D5-D5521B8CD541}.Debug|Any CPU.ActiveCfg = Debug|Any CPU
		{058CF899-B320-4259-96D5-D5521B8CD541}.Debug|Any CPU.Build.0 = Debug|Any CPU
		{058CF899-B320-4259-96D5-D5521B8CD541}.Release|Any CPU.ActiveCfg = Release|Any CPU
		{058CF899-B320-4259-96D5-D5521B8CD541}.Release|Any CPU.Build.0 = Release|Any CPU
		{B85160F1-1FF9-4563-A0FD-696C1795E3F5}.Debug|Any CPU.ActiveCfg = Debug|Any CPU
		{B85160F1-1FF9-4563-A0FD-696C1795E3F5}.Debug|Any CPU.Build.0 = Debug|Any CPU
		{B85160F1-1FF9-4563-A0FD-696C1795E3F5}.Release|Any CPU.ActiveCfg = Release|Any CPU
		{B85160F1-1FF9-4563-A0FD-696C1795E3F5}.Release|Any CPU.Build.0 = Release|Any CPU
	EndGlobalSection
	GlobalSection(SolutionProperties) = preSolution
		HideSolutionNode = FALSE
	EndGlobalSection
	GlobalSection(ExtensibilityGlobals) = postSolution
		SolutionGuid = {3D61F0F1-876D-43E4-927B-F9BDD48DD175}
	EndGlobalSection
EndGlobal
